# THIS IS AN AUTOGENERATED FILE. DO NOT EDIT THIS FILE DIRECTLY.
# yarn lockfile v1


citty@^0.1.4:
  version "0.1.4"
  resolved "https://registry.npmjs.org/citty/-/citty-0.1.4.tgz"
  integrity sha512-Q3bK1huLxzQrvj7hImJ7Z1vKYJRPQCDnd0EjXfHMidcjecGOMuLrmuQmtWmFkuKLcMThlGh1yCKG8IEc6VeNXQ==
  dependencies:
    consola "^3.2.3"

colorette@^2.0.20:
  version "2.0.20"
  resolved "https://registry.npmjs.org/colorette/-/colorette-2.0.20.tgz"
  integrity sha512-IfEDxwoWIjkeXL1eXcDiow4UbKjhLdq6/EuSVR9GMN7KVH3r9gQ83e73hsz1Nd1T3ijd5xv1wcWRYO+D6kCI2w==

consola@^3.2.3:
  version "3.2.3"
  resolved "https://registry.npmjs.org/consola/-/consola-3.2.3.tgz"
  integrity sha512-I5qxpzLv+sJhTVEoLYNcTW+bThDCPsit0vLNKShZx6rLtpilNpmmeTPaeqJb9ZE9dV3DGaeby6Vuhrw38WjeyQ==

ws@^8.14.2:
  version "8.14.2"
  resolved "https://registry.npmjs.org/ws/-/ws-8.14.2.tgz"
  integrity sha512-wEBG1ftX4jcglPxgFCMJmZ2PLtSbJ2Peg6TmpJFTbe9GZYOQCDPdMYu/Tm0/bGZkw8paZnJY45J4K2PZrLYq8g==
